
Microsoft Visual Studio Solution File, Format Version 12.00
# Visual Studio Version 16
VisualStudioVersion = 16.0.31205.134
MinimumVisualStudioVersion = 10.0.40219.1
Project("{FAE04EC0-301F-11D3-BF4B-00C04F79EFBC}") = "ForceClone", "ForceClone\ForceClone.csproj", "{C2E74D1F-E8B0-4D9B-93D3-E1DAB29508CE}"
EndProject
Global
	GlobalSection(SolutionConfigurationPlatforms) = preSolution
		Debug|Any CPU = Debug|Any CPU
		Release|Any CPU = Release|Any CPU
	EndGlobalSection
	GlobalSection(ProjectConfigurationPlatforms) = postSolution
		{C2E74D1F-E8B0-4D9B-93D3-E1DAB29508CE}.Debug|Any CPU.ActiveCfg = Debug|Any CPU
		{C2E74D1F-E8B0-4D9B-93D3-E1DAB29508CE}.Debug|Any CPU.Build.0 = Debug|Any CPU
		{C2E74D1F-E8B0-4D9B-93D3-E1DAB29508CE}.Release|Any CPU.ActiveCfg = Release|Any CPU
		{C2E74D1F-E8B0-4D9B-93D3-E1DAB29508CE}.Release|Any CPU.Build.0 = Release|Any CPU
	EndGlobalSection
	GlobalSection(SolutionProperties) = preSolution
		HideSolutionNode = FALSE
	EndGlobalSection
	GlobalSection(ExtensibilityGlobals) = postSolution
		SolutionGuid = {01A71C40-025A-4E62-B74E-39AC69ABF571}
	EndGlobalSection
EndGlobal
